// !$*UTF8*$!
{
	archiveVersion = 1;
	classes = {
	};
	objectVersion = 50;
	objects = {

/* Begin PBXBuildFile section */
		6896EC1925F6BFDD00D0D16B /* GenerateMapPathApp.swift in Sources */ = {isa = PBXBuildFile; fileRef = 6896EC1825F6BFDD00D0D16B /* GenerateMapPathApp.swift */; };
		6896EC1B25F6BFDD00D0D16B /* ContentView.swift in Sources */ = {isa = PBXBuildFile; fileRef = 6896EC1A25F6BFDD00D0D16B /* ContentView.swift */; };
		6896EC1D25F6BFE000D0D16B /* Assets.xcassets in Resources */ = {isa = PBXBuildFile; fileRef = 6896EC1C25F6BFE000D0D16B /* Assets.xcassets */; };
		6896EC2025F6BFE000D0D16B /* Preview Assets.xcassets in Resources */ = {isa = PBXBuildFile; fileRef = 6896EC1F25F6BFE000D0D16B /* Preview Assets.xcassets */; };
		6896EC2B25F6BFE000D0D16B /* GenerateMapPathTests.swift in Sources */ = {isa = PBXBuildFile; fileRef = 6896EC2A25F6BFE000D0D16B /* GenerateMapPathTests.swift */; };
		6896EC3625F6BFE000D0D16B /* GenerateMapPathUITests.swift in Sources */ = {isa = PBXBuildFile; fileRef = 6896EC3525F6BFE000D0D16B /* GenerateMapPathUITests.swift */; };
/* End PBXBuildFile section */

/* Begin PBXContainerItemProxy section */
		6896EC2725F6BFE000D0D16B /* PBXContainerItemProxy */ = {
			isa = PBXContainerItemProxy;
			containerPortal = 6896EC0D25F6BFDD00D0D16B /* Project object */;
			proxyType = 1;
			remoteGlobalIDString = 6896EC1425F6BFDD00D0D16B;
			remoteInfo = GenerateMapPath;
		};
		6896EC3225F6BFE000D0D16B /* PBXContainerItemProxy */ = {
			isa = PBXContainerItemProxy;
			containerPortal = 6896EC0D25F6BFDD00D0D16B /* Project object */;
			proxyType = 1;
			remoteGlobalIDString = 6896EC1425F6BFDD00D0D16B;
			remoteInfo = GenerateMapPath;
		};
/* End PBXContainerItemProxy section */

/* Begin PBXFileReference section */
		6896EC1525F6BFDD00D0D16B /* GenerateMapPath.app */ = {isa = PBXFileReference; explicitFileType = wrapper.application; includeInIndex = 0; path = GenerateMapPath.app; sourceTree = BUILT_PRODUCTS_DIR; };
		6896EC1825F6BFDD00D0D16B /* GenerateMapPathApp.swift */ = {isa = PBXFileReference; lastKnownFileType = sourcecode.swift; path = GenerateMapPathApp.swift; sourceTree = "<group>"; };
		6896EC1A25F6BFDD00D0D16B /* ContentView.swift */ = {isa = PBXFileReference; lastKnownFileType = sourcecode.swift; path = ContentView.swift; sourceTree = "<group>"; };
		6896EC1C25F6BFE000D0D16B /* Assets.xcassets */ = {isa = PBXFileReference; lastKnownFileType = folder.assetcatalog; path = Assets.xcassets; sourceTree = "<group>"; };
		6896EC1F25F6BFE000D0D16B /* Preview Assets.xcassets */ = {isa = PBXFileReference; lastKnownFileType = folder.assetcatalog; path = "Preview Assets.xcassets"; sourceTree = "<group>"; };
		6896EC2125F6BFE000D0D16B /* Info.plist */ = {isa = PBXFileReference; lastKnownFileType = text.plist.xml; path = Info.plist; sourceTree = "<group>"; };
		6896EC2625F6BFE000D0D16B /* GenerateMapPathTests.xctest */ = {isa = PBXFileReference; explicitFileType = wrapper.cfbundle; includeInIndex = 0; path = GenerateMapPathTests.xctest; sourceTree = BUILT_PRODUCTS_DIR; };
		6896EC2A25F6BFE000D0D16B /* GenerateMapPathTests.swift */ = {isa = PBXFileReference; lastKnownFileType = sourcecode.swift; path = GenerateMapPathTests.swift; sourceTree = "<group>"; };
		6896EC2C25F6BFE000D0D16B /* Info.plist */ = {isa = PBXFileReference; lastKnownFileType = text.plist.xml; path = Info.plist; sourceTree = "<group>"; };
		6896EC3125F6BFE000D0D16B /* GenerateMapPathUITests.xctest */ = {isa = PBXFileReference; explicitFileType = wrapper.cfbundle; includeInIndex = 0; path = GenerateMapPathUITests.xctest; sourceTree = BUILT_PRODUCTS_DIR; };
		6896EC3525F6BFE000D0D16B /* GenerateMapPathUITests.swift */ = {isa = PBXFileReference; lastKnownFileType = sourcecode.swift; path = GenerateMapPathUITests.swift; sourceTree = "<group>"; };
		6896EC3725F6BFE000D0D16B /* Info.plist */ = {isa = PBXFileReference; lastKnownFileType = text.plist.xml; path = Info.plist; sourceTree = "<group>"; };
/* End PBXFileReference section */

/* Begin PBXFrameworksBuildPhase section */
		6896EC1225F6BFDD00D0D16B /* Frameworks */ = {
			isa = PBXFrameworksBuildPhase;
			buildActionMask = 2147483647;
			files = (
			);
			runOnlyForDeploymentPostprocessing = 0;
		};
		6896EC2325F6BFE000D0D16B /* Frameworks */ = {
			isa = PBXFrameworksBuildPhase;
			buildActionMask = 2147483647;
			files = (
			);
			runOnlyForDeploymentPostprocessing = 0;
		};
		6896EC2E25F6BFE000D0D16B /* Frameworks */ = {
			isa = PBXFrameworksBuildPhase;
			buildActionMask = 2147483647;
			files = (
			);
			runOnlyForDeploymentPostprocessing = 0;
		};
/* End PBXFrameworksBuildPhase section */

/* Begin PBXGroup section */
		6896EC0C25F6BFDD00D0D16B = {
			isa = PBXGroup;
			children = (
				6896EC1725F6BFDD00D0D16B /* GenerateMapPath */,
				6896EC2925F6BFE000D0D16B /* GenerateMapPathTests */,
				6896EC3425F6BFE000D0D16B /* GenerateMapPathUITests */,
				6896EC1625F6BFDD00D0D16B /* Products */,
			);
			sourceTree = "<group>";
		};
		6896EC1625F6BFDD00D0D16B /* Products */ = {
			isa = PBXGroup;
			children = (
				6896EC1525F6BFDD00D0D16B /* GenerateMapPath.app */,
				6896EC2625F6BFE000D0D16B /* GenerateMapPathTests.xctest */,
				6896EC3125F6BFE000D0D16B /* GenerateMapPathUITests.xctest */,
			);
			name = Products;
			sourceTree = "<group>";
		};
		6896EC1725F6BFDD00D0D16B /* GenerateMapPath */ = {
			isa = PBXGroup;
			children = (
				6896EC1825F6BFDD00D0D16B /* GenerateMapPathApp.swift */,
				6896EC1A25F6BFDD00D0D16B /* ContentView.swift */,
				6896EC1C25F6BFE000D0D16B /* Assets.xcassets */,
				6896EC2125F6BFE000D0D16B /* Info.plist */,
				6896EC1E25F6BFE000D0D16B /* Preview Content */,
			);
			path = GenerateMapPath;
			sourceTree = "<group>";
		};
		6896EC1E25F6BFE000D0D16B /* Preview Content */ = {
			isa = PBXGroup;
			children = (
				6896EC1F25F6BFE000D0D16B /* Preview Assets.xcassets */,
			);
			path = "Preview Content";
			sourceTree = "<group>";
		};
		6896EC2925F6BFE000D0D16B /* GenerateMapPathTests */ = {
			isa = PBXGroup;
			children = (
				6896EC2A25F6BFE000D0D16B /* GenerateMapPathTests.swift */,
				6896EC2C25F6BFE000D0D16B /* Info.plist */,
			);
			path = GenerateMapPathTests;
			sourceTree = "<group>";
		};
		6896EC3425F6BFE000D0D16B /* GenerateMapPathUITests */ = {
			isa = PBXGroup;
			children = (
				6896EC3525F6BFE000D0D16B /* GenerateMapPathUITests.swift */,
				6896EC3725F6BFE000D0D16B /* Info.plist */,
			);
			path = GenerateMapPathUITests;
			sourceTree = "<group>";
		};
/* End PBXGroup section */

/* Begin PBXNativeTarget section */
		6896EC1425F6BFDD00D0D16B /* GenerateMapPath */ = {
			isa = PBXNativeTarget;
			buildConfigurationList = 6896EC3A25F6BFE000D0D16B /* Build configuration list for PBXNativeTarget "GenerateMapPath" */;
			buildPhases = (
				6896EC1125F6BFDD00D0D16B /* Sources */,
				6896EC1225F6BFDD00D0D16B /* Frameworks */,
				6896EC1325F6BFDD00D0D16B /* Resources */,
			);
			buildRules = (
			);
			dependencies = (
			);
			name = GenerateMapPath;
			productName = GenerateMapPath;
			productReference = 6896EC1525F6BFDD00D0D16B /* GenerateMapPath.app */;
			productType = "com.apple.product-type.application";
		};
		6896EC2525F6BFE000D0D16B /* GenerateMapPathTests */ = {
			isa = PBXNativeTarget;
			buildConfigurationList = 6896EC3D25F6BFE000D0D16B /* Build configuration list for PBXNativeTarget "GenerateMapPathTests" */;
			buildPhases = (
				6896EC2225F6BFE000D0D16B /* Sources */,
				6896EC2325F6BFE000D0D16B /* Frameworks */,
				6896EC2425F6BFE000D0D16B /* Resources */,
			);
			buildRules = (
			);
			dependencies = (
				6896EC2825F6BFE000D0D16B /* PBXTargetDependency */,
			);
			name = GenerateMapPathTests;
			productName = GenerateMapPathTests;
			productReference = 6896EC2625F6BFE000D0D16B /* GenerateMapPathTests.xctest */;
			productType = "com.apple.product-type.bundle.unit-test";
		};
		6896EC3025F6BFE000D0D16B /* GenerateMapPathUITests */ = {
			isa = PBXNativeTarget;
			buildConfigurationList = 6896EC4025F6BFE000D0D16B /* Build configuration list for PBXNativeTarget "GenerateMapPathUITests" */;
			buildPhases = (
				6896EC2D25F6BFE000D0D16B /* Sources */,
				6896EC2E25F6BFE000D0D16B /* Frameworks */,
				6896EC2F25F6BFE000D0D16B /* Resources */,
			);
			buildRules = (
			);
			dependencies = (
				6896EC3325F6BFE000D0D16B /* PBXTargetDependency */,
			);
			name = GenerateMapPathUITests;
			productName = GenerateMapPathUITests;
			productReference = 6896EC3125F6BFE000D0D16B /* GenerateMapPathUITests.xctest */;
			productType = "com.apple.product-type.bundle.ui-testing";
		};
/* End PBXNativeTarget section */

/* Begin PBXProject section */
		6896EC0D25F6BFDD00D0D16B /* Project object */ = {
			isa = PBXProject;
			attributes = {
				LastSwiftUpdateCheck = 1240;
				LastUpgradeCheck = 1240;
				TargetAttributes = {
					6896EC1425F6BFDD00D0D16B = {
						CreatedOnToolsVersion = 12.4;
					};
					6896EC2525F6BFE000D0D16B = {
						CreatedOnToolsVersion = 12.4;
						TestTargetID = 6896EC1425F6BFDD00D0D16B;
					};
					6896EC3025F6BFE000D0D16B = {
						CreatedOnToolsVersion = 12.4;
						TestTargetID = 6896EC1425F6BFDD00D0D16B;
					};
				};
			};
			buildConfigurationList = 6896EC1025F6BFDD00D0D16B /* Build configuration list for PBXProject "GenerateMapPath" */;
			compatibilityVersion = "Xcode 9.3";
			developmentRegion = en;
			hasScannedForEncodings = 0;
			knownRegions = (
				en,
				Base,
			);
			mainGroup = 6896EC0C25F6BFDD00D0D16B;
			productRefGroup = 6896EC1625F6BFDD00D0D16B /* Products */;
			projectDirPath = "";
			projectRoot = "";
			targets = (
				6896EC1425F6BFDD00D0D16B /* GenerateMapPath */,
				6896EC2525F6BFE000D0D16B /* GenerateMapPathTests */,
				6896EC3025F6BFE000D0D16B /* GenerateMapPathUITests */,
			);
		};
/* End PBXProject section */

/* Begin PBXResourcesBuildPhase section */
		6896EC1325F6BFDD00D0D16B /* Resources */ = {
			isa = PBXResourcesBuildPhase;
			buildActionMask = 2147483647;
			files = (
				6896EC2025F6BFE000D0D16B /* Preview Assets.xcassets in Resources */,
				6896EC1D25F6BFE000D0D16B /* Assets.xcassets in Resources */,
			);
			runOnlyForDeploymentPostprocessing = 0;
		};
		6896EC2425F6BFE000D0D16B /* Resources */ = {
			isa = PBXResourcesBuildPhase;
			buildActionMask = 2147483647;
			files = (
			);
			runOnlyForDeploymentPostprocessing = 0;
		};
		6896EC2F25F6BFE000D0D16B /* Resources */ = {
			isa = PBXResourcesBuildPhase;
			buildActionMask = 2147483647;
			files = (
			);
			runOnlyForDeploymentPostprocessing = 0;
		};
/* End PBXResourcesBuildPhase section */

/* Begin PBXSourcesBuildPhase section */
		6896EC1125F6BFDD00D0D16B /* Sources */ = {
			isa = PBXSourcesBuildPhase;
			buildActionMask = 2147483647;
			files = (
				6896EC1B25F6BFDD00D0D16B /* ContentView.swift in Sources */,
				6896EC1925F6BFDD00D0D16B /* GenerateMapPathApp.swift in Sources */,
			);
			runOnlyForDeploymentPostprocessing = 0;
		};
		6896EC2225F6BFE000D0D16B /* Sources */ = {
			isa = PBXSourcesBuildPhase;
			buildActionMask = 2147483647;
			files = (
				6896EC2B25F6BFE000D0D16B /* GenerateMapPathTests.swift in Sources */,
			);
			runOnlyForDeploymentPostprocessing = 0;
		};
		6896EC2D25F6BFE000D0D16B /* Sources */ = {
			isa = PBXSourcesBuildPhase;
			buildActionMask = 2147483647;
			files = (
				6896EC3625F6BFE000D0D16B /* GenerateMapPathUITests.swift in Sources */,
			);
			runOnlyForDeploymentPostprocessing = 0;
		};
/* End PBXSourcesBuildPhase section */

/* Begin PBXTargetDependency section */
		6896EC2825F6BFE000D0D16B /* PBXTargetDependency */ = {
			isa = PBXTargetDependency;
			target = 6896EC1425F6BFDD00D0D16B /* GenerateMapPath */;
			targetProxy = 6896EC2725F6BFE000D0D16B /* PBXContainerItemProxy */;
		};
		6896EC3325F6BFE000D0D16B /* PBXTargetDependency */ = {
			isa = PBXTargetDependency;
			target = 6896EC1425F6BFDD00D0D16B /* GenerateMapPath */;
			targetProxy = 6896EC3225F6BFE000D0D16B /* PBXContainerItemProxy */;
		};
/* End PBXTargetDependency section */

/* Begin XCBuildConfiguration section */
		6896EC3825F6BFE000D0D16B /* Debug */ = {
			isa = XCBuildConfiguration;
			buildSettings = {
				ALWAYS_SEARCH_USER_PATHS = NO;
				CLANG_ANALYZER_NONNULL = YES;
				CLANG_ANALYZER_NUMBER_OBJECT_CONVERSION = YES_AGGRESSIVE;
				CLANG_CXX_LANGUAGE_STANDARD = "gnu++14";
				CLANG_CXX_LIBRARY = "libc++";
				CLANG_ENABLE_MODULES = YES;
				CLANG_ENABLE_OBJC_ARC = YES;
				CLANG_ENABLE_OBJC_WEAK = YES;
				CLANG_WARN_BLOCK_CAPTURE_AUTORELEASING = YES;
				CLANG_WARN_BOOL_CONVERSION = YES;
				CLANG_WARN_COMMA = YES;
				CLANG_WARN_CONSTANT_CONVERSION = YES;
				CLANG_WARN_DEPRECATED_OBJC_IMPLEMENTATIONS = YES;
				CLANG_WARN_DIRECT_OBJC_ISA_USAGE = YES_ERROR;
				CLANG_WARN_DOCUMENTATION_COMMENTS = YES;
				CLANG_WARN_EMPTY_BODY = YES;
				CLANG_WARN_ENUM_CONVERSION = YES;
				CLANG_WARN_INFINITE_RECURSION = YES;
				CLANG_WARN_INT_CONVERSION = YES;
				CLANG_WARN_NON_LITERAL_NULL_CONVERSION = YES;
				CLANG_WARN_OBJC_IMPLICIT_RETAIN_SELF = YES;
				CLANG_WARN_OBJC_LITERAL_CONVERSION = YES;
				CLANG_WARN_OBJC_ROOT_CLASS = YES_ERROR;
				CLANG_WARN_QUOTED_INCLUDE_IN_FRAMEWORK_HEADER = YES;
				CLANG_WARN_RANGE_LOOP_ANALYSIS = YES;
				CLANG_WARN_STRICT_PROTOTYPES = YES;
				CLANG_WARN_SUSPICIOUS_MOVE = YES;
				CLANG_WARN_UNGUARDED_AVAILABILITY = YES_AGGRESSIVE;
				CLANG_WARN_UNREACHABLE_CODE = YES;
				CLANG_WARN__DUPLICATE_METHOD_MATCH = YES;
				COPY_PHASE_STRIP = NO;
				DEBUG_INFORMATION_FORMAT = dwarf;
				ENABLE_STRICT_OBJC_MSGSEND = YES;
				ENABLE_TESTABILITY = YES;
				GCC_C_LANGUAGE_STANDARD = gnu11;
				GCC_DYNAMIC_NO_PIC = NO;
				GCC_NO_COMMON_BLOCKS = YES;
				GCC_OPTIMIZATION_LEVEL = 0;
				GCC_PREPROCESSOR_DEFINITIONS = (
					"DEBUG=1",
					"$(inherited)",
				);
				GCC_WARN_64_TO_32_BIT_CONVERSION = YES;
				GCC_WARN_ABOUT_RETURN_TYPE = YES_ERROR;
				GCC_WARN_UNDECLARED_SELECTOR = YES;
				GCC_WARN_UNINITIALIZED_AUTOS = YES_AGGRESSIVE;
				GCC_WARN_UNUSED_FUNCTION = YES;
				GCC_WARN_UNUSED_VARIABLE = YES;
				IPHONEOS_DEPLOYMENT_TARGET = 14.4;
				MTL_ENABLE_DEBUG_INFO = INCLUDE_SOURCE;
				MTL_FAST_MATH = YES;
				ONLY_ACTIVE_ARCH = YES;
				SDKROOT = iphoneos;
				SWIFT_ACTIVE_COMPILATION_CONDITIONS = DEBUG;
				SWIFT_OPTIMIZATION_LEVEL = "-Onone";
			};
			name = Debug;
		};
		6896EC3925F6BFE000D0D16B /* Release */ = {
			isa = XCBuildConfiguration;
			buildSettings = {
				ALWAYS_SEARCH_USER_PATHS = NO;
				CLANG_ANALYZER_NONNULL = YES;
				CLANG_ANALYZER_NUMBER_OBJECT_CONVERSION = YES_AGGRESSIVE;
				CLANG_CXX_LANGUAGE_STANDARD = "gnu++14";
				CLANG_CXX_LIBRARY = "libc++";
				CLANG_ENABLE_MODULES = YES;
				CLANG_ENABLE_OBJC_ARC = YES;
				CLANG_ENABLE_OBJC_WEAK = YES;
				CLANG_WARN_BLOCK_CAPTURE_AUTORELEASING = YES;
				CLANG_WARN_BOOL_CONVERSION = YES;
				CLANG_WARN_COMMA = YES;
				CLANG_WARN_CONSTANT_CONVERSION = YES;
				CLANG_WARN_DEPRECATED_OBJC_IMPLEMENTATIONS = YES;
				CLANG_WARN_DIRECT_OBJC_ISA_USAGE = YES_ERROR;
				CLANG_WARN_DOCUMENTATION_COMMENTS = YES;
				CLANG_WARN_EMPTY_BODY = YES;
				CLANG_WARN_ENUM_CONVERSION = YES;
				CLANG_WARN_INFINITE_RECURSION = YES;
				CLANG_WARN_INT_CONVERSION = YES;
				CLANG_WARN_NON_LITERAL_NULL_CONVERSION = YES;
				CLANG_WARN_OBJC_IMPLICIT_RETAIN_SELF = YES;
				CLANG_WARN_OBJC_LITERAL_CONVERSION = YES;
				CLANG_WARN_OBJC_ROOT_CLASS = YES_ERROR;
				CLANG_WARN_QUOTED_INCLUDE_IN_FRAMEWORK_HEADER = YES;
				CLANG_WARN_RANGE_LOOP_ANALYSIS = YES;
				CLANG_WARN_STRICT_PROTOTYPES = YES;
				CLANG_WARN_SUSPICIOUS_MOVE = YES;
				CLANG_WARN_UNGUARDED_AVAILABILITY = YES_AGGRESSIVE;
				CLANG_WARN_UNREACHABLE_CODE = YES;
				CLANG_WARN__DUPLICATE_METHOD_MATCH = YES;
				COPY_PHASE_STRIP = NO;
				DEBUG_INFORMATION_FORMAT = "dwarf-with-dsym";
				ENABLE_NS_ASSERTIONS = NO;
				ENABLE_STRICT_OBJC_MSGSEND = YES;
				GCC_C_LANGUAGE_STANDARD = gnu11;
				GCC_NO_COMMON_BLOCKS = YES;
				GCC_WARN_64_TO_32_BIT_CONVERSION = YES;
				GCC_WARN_ABOUT_RETURN_TYPE = YES_ERROR;
				GCC_WARN_UNDECLARED_SELECTOR = YES;
				GCC_WARN_UNINITIALIZED_AUTOS = YES_AGGRESSIVE;
				GCC_WARN_UNUSED_FUNCTION = YES;
				GCC_WARN_UNUSED_VARIABLE = YES;
				IPHONEOS_DEPLOYMENT_TARGET = 14.4;
				MTL_ENABLE_DEBUG_INFO = NO;
				MTL_FAST_MATH = YES;
				SDKROOT = iphoneos;
				SWIFT_COMPILATION_MODE = wholemodule;
				SWIFT_OPTIMIZATION_LEVEL = "-O";
				VALIDATE_PRODUCT = YES;
			};
			name = Release;
		};
		6896EC3B25F6BFE000D0D16B /* Debug */ = {
			isa = XCBuildConfiguration;
			buildSettings = {
				ASSETCATALOG_COMPILER_APPICON_NAME = AppIcon;
				ASSETCATALOG_COMPILER_GLOBAL_ACCENT_COLOR_NAME = AccentColor;
				CODE_SIGN_STYLE = Automatic;
				DEVELOPMENT_ASSET_PATHS = "\"GenerateMapPath/Preview Content\"";
				DEVELOPMENT_TEAM = 3JMZLMZVTS;
				ENABLE_PREVIEWS = YES;
				INFOPLIST_FILE = GenerateMapPath/Info.plist;
				IPHONEOS_DEPLOYMENT_TARGET = 14.0;
				LD_RUNPATH_SEARCH_PATHS = (
					"$(inherited)",
					"@executable_path/Frameworks",
				);
				PRODUCT_BUNDLE_IDENTIFIER = com.lmunck.GenerateMapPath;
				PRODUCT_NAME = "$(TARGET_NAME)";
				SWIFT_VERSION = 5.0;
				TARGETED_DEVICE_FAMILY = "1,2";
			};
			name = Debug;
		};
		6896EC3C25F6BFE000D0D16B /* Release */ = {
			isa = XCBuildConfiguration;
			buildSettings = {
				ASSETCATALOG_COMPILER_APPICON_NAME = AppIcon;
				ASSETCATALOG_COMPILER_GLOBAL_ACCENT_COLOR_NAME = AccentColor;
				CODE_SIGN_STYLE = Automatic;
				DEVELOPMENT_ASSET_PATHS = "\"GenerateMapPath/Preview Content\"";
				DEVELOPMENT_TEAM = 3JMZLMZVTS;
				ENABLE_PREVIEWS = YES;
				INFOPLIST_FILE = GenerateMapPath/Info.plist;
				IPHONEOS_DEPLOYMENT_TARGET = 14.0;
				LD_RUNPATH_SEARCH_PATHS = (
					"$(inherited)",
					"@executable_path/Frameworks",
				);
				PRODUCT_BUNDLE_IDENTIFIER = com.lmunck.GenerateMapPath;
				PRODUCT_NAME = "$(TARGET_NAME)";
				SWIFT_VERSION = 5.0;
				TARGETED_DEVICE_FAMILY = "1,2";
			};
			name = Release;
		};
		6896EC3E25F6BFE000D0D16B /* Debug */ = {
			isa = XCBuildConfiguration;
			buildSettings = {
				ALWAYS_EMBED_SWIFT_STANDARD_LIBRARIES = YES;
				BUNDLE_LOADER = "$(TEST_HOST)";
				CODE_SIGN_STYLE = Automatic;
				DEVELOPMENT_TEAM = 3JMZLMZVTS;
				INFOPLIST_FILE = GenerateMapPathTests/Info.plist;
				IPHONEOS_DEPLOYMENT_TARGET = 14.0;
				LD_RUNPATH_SEARCH_PATHS = (
					"$(inherited)",
					"@executable_path/Frameworks",
					"@loader_path/Frameworks",
				);
				PRODUCT_BUNDLE_IDENTIFIER = com.lmunck.GenerateMapPathTests;
				PRODUCT_NAME = "$(TARGET_NAME)";
				SWIFT_VERSION = 5.0;
				TARGETED_DEVICE_FAMILY = "1,2";
				TEST_HOST = "$(BUILT_PRODUCTS_DIR)/GenerateMapPath.app/GenerateMapPath";
			};
			name = Debug;
		};
		6896EC3F25F6BFE000D0D16B /* Release */ = {
			isa = XCBuildConfiguration;
			buildSettings = {
				ALWAYS_EMBED_SWIFT_STANDARD_LIBRARIES = YES;
				BUNDLE_LOADER = "$(TEST_HOST)";
				CODE_SIGN_STYLE = Automatic;
				DEVELOPMENT_TEAM = 3JMZLMZVTS;
				INFOPLIST_FILE = GenerateMapPathTests/Info.plist;
				IPHONEOS_DEPLOYMENT_TARGET = 14.0;
				LD_RUNPATH_SEARCH_PATHS = (
					"$(inherited)",
					"@executable_path/Frameworks",
					"@loader_path/Frameworks",
				);
				PRODUCT_BUNDLE_IDENTIFIER = com.lmunck.GenerateMapPathTests;
				PRODUCT_NAME = "$(TARGET_NAME)";
				SWIFT_VERSION = 5.0;
				TARGETED_DEVICE_FAMILY = "1,2";
				TEST_HOST = "$(BUILT_PRODUCTS_DIR)/GenerateMapPath.app/GenerateMapPath";
			};
			name = Release;
		};
		6896EC4125F6BFE000D0D16B /* Debug */ = {
			isa = XCBuildConfiguration;
			buildSettings = {
				ALWAYS_EMBED_SWIFT_STANDARD_LIBRARIES = YES;
				CODE_SIGN_STYLE = Automatic;
				DEVELOPMENT_TEAM = 3JMZLMZVTS;
				INFOPLIST_FILE = GenerateMapPathUITests/Info.plist;
				LD_RUNPATH_SEARCH_PATHS = (
					"$(inherited)",
					"@executable_path/Frameworks",
					"@loader_path/Frameworks",
				);
				PRODUCT_BUNDLE_IDENTIFIER = com.lmunck.GenerateMapPathUITests;
				PRODUCT_NAME = "$(TARGET_NAME)";
				SWIFT_VERSION = 5.0;
				TARGETED_DEVICE_FAMILY = "1,2";
				TEST_TARGET_NAME = GenerateMapPath;
			};
			name = Debug;
		};
		6896EC4225F6BFE000D0D16B /* Release */ = {
			isa = XCBuildConfiguration;
			buildSettings = {
				ALWAYS_EMBED_SWIFT_STANDARD_LIBRARIES = YES;
				CODE_SIGN_STYLE = Automatic;
				DEVELOPMENT_TEAM = 3JMZLMZVTS;
				INFOPLIST_FILE = GenerateMapPathUITests/Info.plist;
				LD_RUNPATH_SEARCH_PATHS = (
					"$(inherited)",
					"@executable_path/Frameworks",
					"@loader_path/Frameworks",
				);
				PRODUCT_BUNDLE_IDENTIFIER = com.lmunck.GenerateMapPathUITests;
				PRODUCT_NAME = "$(TARGET_NAME)";
				SWIFT_VERSION = 5.0;
				TARGETED_DEVICE_FAMILY = "1,2";
				TEST_TARGET_NAME = GenerateMapPath;
			};
			name = Release;
		};
/* End XCBuildConfiguration section */

/* Begin XCConfigurationList section */
		6896EC1025F6BFDD00D0D16B /* Build configuration list for PBXProject "GenerateMapPath" */ = {
			isa = XCConfigurationList;
			buildConfigurations = (
				6896EC3825F6BFE000D0D16B /* Debug */,
				6896EC3925F6BFE000D0D16B /* Release */,
			);
			defaultConfigurationIsVisible = 0;
			defaultConfigurationName = Release;
		};
		6896EC3A25F6BFE000D0D16B /* Build configuration list for PBXNativeTarget "GenerateMapPath" */ = {
			isa = XCConfigurationList;
			buildConfigurations = (
				6896EC3B25F6BFE000D0D16B /* Debug */,
				6896EC3C25F6BFE000D0D16B /* Release */,
			);
			defaultConfigurationIsVisible = 0;
			defaultConfigurationName = Release;
		};
		6896EC3D25F6BFE000D0D16B /* Build configuration list for PBXNativeTarget "GenerateMapPathTests" */ = {
			isa = XCConfigurationList;
			buildConfigurations = (
				6896EC3E25F6BFE000D0D16B /* Debug */,
				6896EC3F25F6BFE000D0D16B /* Release */,
			);
			defaultConfigurationIsVisible = 0;
			defaultConfigurationName = Release;
		};
		6896EC4025F6BFE000D0D16B /* Build configuration list for PBXNativeTarget "GenerateMapPathUITests" */ = {
			isa = XCConfigurationList;
			buildConfigurations = (
				6896EC4125F6BFE000D0D16B /* Debug */,
				6896EC4225F6BFE000D0D16B /* Release */,
			);
			defaultConfigurationIsVisible = 0;
			defaultConfigurationName = Release;
		};
/* End XCConfigurationList section */
	};
	rootObject = 6896EC0D25F6BFDD00D0D16B /* Project object */;
}
